// !$*UTF8*$!
{
	archiveVersion = 1;
	classes = {
	};
	objectVersion = 46;
	objects = {

/* Begin PBXBuildFile section */
		20279DE0C4C4A62F0030B572 /* Pods_HieuLuat.framework in Frameworks */ = {isa = PBXBuildFile; fileRef = CA2F4D9953D61DA1A8A51262 /* Pods_HieuLuat.framework */; };
		330A22142188AF6C0082A4A6 /* SearchControllers.swift in Sources */ = {isa = PBXBuildFile; fileRef = 330A22132188AF6C0082A4A6 /* SearchControllers.swift */; };
		3322B222234B592B004584B1 /* InstructionSearchViewController.swift in Sources */ = {isa = PBXBuildFile; fileRef = 3322B221234B592B004584B1 /* InstructionSearchViewController.swift */; };
		3322B224234B659B004584B1 /* Phantich.swift in Sources */ = {isa = PBXBuildFile; fileRef = 3322B223234B659B004584B1 /* Phantich.swift */; };
		3322B226234D93E2004584B1 /* InstructionTableViewCell.swift in Sources */ = {isa = PBXBuildFile; fileRef = 3322B225234D93E2004584B1 /* InstructionTableViewCell.swift */; };
		3322B228234DB7CA004584B1 /* InstructionDetailsViewController.swift in Sources */ = {isa = PBXBuildFile; fileRef = 3322B227234DB7CA004584B1 /* InstructionDetailsViewController.swift */; };
		332C10DE2350353A00EDD3AE /* GifImageView.swift in Sources */ = {isa = PBXBuildFile; fileRef = 332C10DD2350353A00EDD3AE /* GifImageView.swift */; };
		332C10E0235038CC00EDD3AE /* LoadingView.swift in Sources */ = {isa = PBXBuildFile; fileRef = 332C10DF235038CC00EDD3AE /* LoadingView.swift */; };
		332C10E2235089F000EDD3AE /* WebImage.swift in Sources */ = {isa = PBXBuildFile; fileRef = 332C10E1235089F000EDD3AE /* WebImage.swift */; };
		332C10E62356EE6800EDD3AE /* CouponInputScreenViewController.swift in Sources */ = {isa = PBXBuildFile; fileRef = 332C10E52356EE6800EDD3AE /* CouponInputScreenViewController.swift */; };
		3331E6641FA3092000219B19 /* MPSearchTableController.swift in Sources */ = {isa = PBXBuildFile; fileRef = 3331E6631FA3092000219B19 /* MPSearchTableController.swift */; };
		334939891FA8A74F0037305C /* AdsHelper.swift in Sources */ = {isa = PBXBuildFile; fileRef = 334939881FA8A74F0037305C /* AdsHelper.swift */; };
		334AAFB21FC1E0A300A5BE0F /* GeneralSettings.swift in Sources */ = {isa = PBXBuildFile; fileRef = 334AAFB11FC1E0A300A5BE0F /* GeneralSettings.swift */; };
		335078EA1F5B099100D52741 /* VBPLDetailsViewController.swift in Sources */ = {isa = PBXBuildFile; fileRef = 335078E91F5B099100D52741 /* VBPLDetailsViewController.swift */; };
		335078EC1F5D166A00D52741 /* VBPLSearchTableController.swift in Sources */ = {isa = PBXBuildFile; fileRef = 335078EB1F5D166A00D52741 /* VBPLSearchTableController.swift */; };
		3350DB31214A8EBC008D0AE4 /* Utils.swift in Sources */ = {isa = PBXBuildFile; fileRef = 3350DB30214A8EBC008D0AE4 /* Utils.swift */; };
		3357C5321F86547700B963E6 /* SortUtil.swift in Sources */ = {isa = PBXBuildFile; fileRef = 3357C5311F86547700B963E6 /* SortUtil.swift */; };
		3358D638237574A800DB8463 /* AutoScaleButton.swift in Sources */ = {isa = PBXBuildFile; fileRef = 3358D637237574A800DB8463 /* AutoScaleButton.swift */; };
		336C485B1FA0D7D200A154D9 /* PickerViewSelectPopup.swift in Sources */ = {isa = PBXBuildFile; fileRef = 336C485A1FA0D7D200A154D9 /* PickerViewSelectPopup.swift */; };
		3394A2782072236C00831E69 /* AboutViewController.swift in Sources */ = {isa = PBXBuildFile; fileRef = 3394A2772072236C00831E69 /* AboutViewController.swift */; };
		339B43431FFBAE6C00149B09 /* BosungKhacphuc.swift in Sources */ = {isa = PBXBuildFile; fileRef = 339B43421FFBAE6C00149B09 /* BosungKhacphuc.swift */; };
		33BCFF0921451FEE004804F7 /* BBSearchTableController.swift in Sources */ = {isa = PBXBuildFile; fileRef = 33BCFF0821451FEE004804F7 /* BBSearchTableController.swift */; };
		33C8670A1FAA02AC0090D954 /* AppearanceUtil.swift in Sources */ = {isa = PBXBuildFile; fileRef = 33C867091FAA02AC0090D954 /* AppearanceUtil.swift */; };
		33C87DFC1F604C0200D8B198 /* ConfigAttribute.swift in Sources */ = {isa = PBXBuildFile; fileRef = 33C87DFB1F604C0200D8B198 /* ConfigAttribute.swift */; };
		33C87DFE1F6052B100D8B198 /* FilterPopupViewController.swift in Sources */ = {isa = PBXBuildFile; fileRef = 33C87DFD1F6052B100D8B198 /* FilterPopupViewController.swift */; };
		33CB16001F5AF9A700AD2C45 /* VBPLDetailsSearchTableController.swift in Sources */ = {isa = PBXBuildFile; fileRef = 33CB15FF1F5AF9A700AD2C45 /* VBPLDetailsSearchTableController.swift */; };
		33CE51FC1F5E788C008AB4D4 /* VBPLTableViewCell.swift in Sources */ = {isa = PBXBuildFile; fileRef = 33CE51FB1F5E788C008AB4D4 /* VBPLTableViewCell.swift */; };
		33D305291F51794F00547497 /* AppDelegate.swift in Sources */ = {isa = PBXBuildFile; fileRef = 33D305281F51794F00547497 /* AppDelegate.swift */; };
		33D3052B1F51794F00547497 /* ViewController.swift in Sources */ = {isa = PBXBuildFile; fileRef = 33D3052A1F51794F00547497 /* ViewController.swift */; };
		33D3052E1F51794F00547497 /* Main.storyboard in Resources */ = {isa = PBXBuildFile; fileRef = 33D3052C1F51794F00547497 /* Main.storyboard */; };
		33D305301F51794F00547497 /* Assets.xcassets in Resources */ = {isa = PBXBuildFile; fileRef = 33D3052F1F51794F00547497 /* Assets.xcassets */; };
		33D305331F51794F00547497 /* LaunchScreen.storyboard in Resources */ = {isa = PBXBuildFile; fileRef = 33D305311F51794F00547497 /* LaunchScreen.storyboard */; };
		33D3053E1F51794F00547497 /* HieuLuatTests.swift in Sources */ = {isa = PBXBuildFile; fileRef = 33D3053D1F51794F00547497 /* HieuLuatTests.swift */; };
		33D305491F51794F00547497 /* HieuLuatUITests.swift in Sources */ = {isa = PBXBuildFile; fileRef = 33D305481F51794F00547497 /* HieuLuatUITests.swift */; };
		33D3055B1F517D6F00547497 /* DataConnection.swift in Sources */ = {isa = PBXBuildFile; fileRef = 33D3055A1F517D6F00547497 /* DataConnection.swift */; };
		33D3055D1F517F2B00547497 /* SearchFor.swift in Sources */ = {isa = PBXBuildFile; fileRef = 33D3055C1F517F2B00547497 /* SearchFor.swift */; };
		33D3055F1F517F5800547497 /* Queries.swift in Sources */ = {isa = PBXBuildFile; fileRef = 33D3055E1F517F5800547497 /* Queries.swift */; };
		33D305621F517FB900547497 /* Dieukhoan.swift in Sources */ = {isa = PBXBuildFile; fileRef = 33D305611F517FB900547497 /* Dieukhoan.swift */; };
		33D305641F517FF500547497 /* Coquanbanhanh.swift in Sources */ = {isa = PBXBuildFile; fileRef = 33D305631F517FF500547497 /* Coquanbanhanh.swift */; };
		33D305661F51802700547497 /* Loaivanban.swift in Sources */ = {isa = PBXBuildFile; fileRef = 33D305651F51802700547497 /* Loaivanban.swift */; };
		33D305681F51804F00547497 /* Vanban.swift in Sources */ = {isa = PBXBuildFile; fileRef = 33D305671F51804F00547497 /* Vanban.swift */; };
		33D31DE41F77BEF700A46E62 /* MPSearchFilterPopupController.swift in Sources */ = {isa = PBXBuildFile; fileRef = 33D31DE31F77BEF700A46E62 /* MPSearchFilterPopupController.swift */; };
		33E82BD222CC6708008CFB34 /* VideoCaptureViewController.swift in Sources */ = {isa = PBXBuildFile; fileRef = 33E82BD122CC6708008CFB34 /* VideoCaptureViewController.swift */; };
		33EB998D215A229D0097827A /* VKDTableViewController.swift in Sources */ = {isa = PBXBuildFile; fileRef = 33EB998C215A229D0097827A /* VKDTableViewController.swift */; };
		33F06FF9212439DD00A69431 /* Hieuluat.sqlite in Resources */ = {isa = PBXBuildFile; fileRef = 33F06FF8212439DD00A69431 /* Hieuluat.sqlite */; };
		33F87E182152509400B04A94 /* BBFilterPopupViewController.swift in Sources */ = {isa = PBXBuildFile; fileRef = 33F87E172152509400B04A94 /* BBFilterPopupViewController.swift */; };
		33FD3B6E2329E86D00DD7087 /* NetworkHandler.swift in Sources */ = {isa = PBXBuildFile; fileRef = 33FD3B6D2329E86D00DD7087 /* NetworkHandler.swift */; };
		33FD3B702329FE0B00DD7087 /* DeviceInfoCollector.swift in Sources */ = {isa = PBXBuildFile; fileRef = 33FD3B6F2329FE0B00DD7087 /* DeviceInfoCollector.swift */; };
		33FD3B72232A284A00DD7087 /* MessagingContainer.swift in Sources */ = {isa = PBXBuildFile; fileRef = 33FD3B71232A284A00DD7087 /* MessagingContainer.swift */; };
		33FD3B74232A537700DD7087 /* AppConfiguration.swift in Sources */ = {isa = PBXBuildFile; fileRef = 33FD3B73232A537700DD7087 /* AppConfiguration.swift */; };
		33FD3B76232A5A5800DD7087 /* UpdatePopupViewController.swift in Sources */ = {isa = PBXBuildFile; fileRef = 33FD3B75232A5A5800DD7087 /* UpdatePopupViewController.swift */; };
		33FD3B78232A6BBC00DD7087 /* RedirectionHelper.swift in Sources */ = {isa = PBXBuildFile; fileRef = 33FD3B77232A6BBC00DD7087 /* RedirectionHelper.swift */; };
		33FD3B7A232B50B700DD7087 /* TapAndCopyLabel.swift in Sources */ = {isa = PBXBuildFile; fileRef = 33FD3B79232B50B600DD7087 /* TapAndCopyLabel.swift */; };
/* End PBXBuildFile section */

/* Begin PBXContainerItemProxy section */
		33D3053A1F51794F00547497 /* PBXContainerItemProxy */ = {
			isa = PBXContainerItemProxy;
			containerPortal = 33D3051D1F51794F00547497 /* Project object */;
			proxyType = 1;
			remoteGlobalIDString = 33D305241F51794F00547497;
			remoteInfo = HieuLuat;
		};
		33D305451F51794F00547497 /* PBXContainerItemProxy */ = {
			isa = PBXContainerItemProxy;
			containerPortal = 33D3051D1F51794F00547497 /* Project object */;
			proxyType = 1;
			remoteGlobalIDString = 33D305241F51794F00547497;
			remoteInfo = HieuLuat;
		};
/* End PBXContainerItemProxy section */

/* Begin PBXFileReference section */
		330A22132188AF6C0082A4A6 /* SearchControllers.swift */ = {isa = PBXFileReference; lastKnownFileType = sourcecode.swift; path = SearchControllers.swift; sourceTree = "<group>"; };
		3322B221234B592B004584B1 /* InstructionSearchViewController.swift */ = {isa = PBXFileReference; lastKnownFileType = sourcecode.swift; path = InstructionSearchViewController.swift; sourceTree = "<group>"; };
		3322B223234B659B004584B1 /* Phantich.swift */ = {isa = PBXFileReference; lastKnownFileType = sourcecode.swift; path = Phantich.swift; sourceTree = "<group>"; };
		3322B225234D93E2004584B1 /* InstructionTableViewCell.swift */ = {isa = PBXFileReference; lastKnownFileType = sourcecode.swift; path = InstructionTableViewCell.swift; sourceTree = "<group>"; };
		3322B227234DB7CA004584B1 /* InstructionDetailsViewController.swift */ = {isa = PBXFileReference; lastKnownFileType = sourcecode.swift; path = InstructionDetailsViewController.swift; sourceTree = "<group>"; };
		332C10DD2350353A00EDD3AE /* GifImageView.swift */ = {isa = PBXFileReference; lastKnownFileType = sourcecode.swift; path = GifImageView.swift; sourceTree = "<group>"; };
		332C10DF235038CC00EDD3AE /* LoadingView.swift */ = {isa = PBXFileReference; lastKnownFileType = sourcecode.swift; path = LoadingView.swift; sourceTree = "<group>"; };
		332C10E1235089F000EDD3AE /* WebImage.swift */ = {isa = PBXFileReference; lastKnownFileType = sourcecode.swift; path = WebImage.swift; sourceTree = "<group>"; };
		332C10E52356EE6800EDD3AE /* CouponInputScreenViewController.swift */ = {isa = PBXFileReference; lastKnownFileType = sourcecode.swift; path = CouponInputScreenViewController.swift; sourceTree = "<group>"; };
		3331E6631FA3092000219B19 /* MPSearchTableController.swift */ = {isa = PBXFileReference; fileEncoding = 4; lastKnownFileType = sourcecode.swift; path = MPSearchTableController.swift; sourceTree = "<group>"; };
		334939881FA8A74F0037305C /* AdsHelper.swift */ = {isa = PBXFileReference; fileEncoding = 4; lastKnownFileType = sourcecode.swift; path = AdsHelper.swift; sourceTree = "<group>"; };
		334AAFB11FC1E0A300A5BE0F /* GeneralSettings.swift */ = {isa = PBXFileReference; fileEncoding = 4; lastKnownFileType = sourcecode.swift; path = GeneralSettings.swift; sourceTree = "<group>"; };
		335078E91F5B099100D52741 /* VBPLDetailsViewController.swift */ = {isa = PBXFileReference; fileEncoding = 4; lastKnownFileType = sourcecode.swift; path = VBPLDetailsViewController.swift; sourceTree = "<group>"; };
		335078EB1F5D166A00D52741 /* VBPLSearchTableController.swift */ = {isa = PBXFileReference; fileEncoding = 4; lastKnownFileType = sourcecode.swift; path = VBPLSearchTableController.swift; sourceTree = "<group>"; };
		3350DB30214A8EBC008D0AE4 /* Utils.swift */ = {isa = PBXFileReference; lastKnownFileType = sourcecode.swift; path = Utils.swift; sourceTree = "<group>"; };
		3357C5311F86547700B963E6 /* SortUtil.swift */ = {isa = PBXFileReference; fileEncoding = 4; lastKnownFileType = sourcecode.swift; path = SortUtil.swift; sourceTree = "<group>"; };
		3358D637237574A800DB8463 /* AutoScaleButton.swift */ = {isa = PBXFileReference; lastKnownFileType = sourcecode.swift; path = AutoScaleButton.swift; sourceTree = "<group>"; };
		336C485A1FA0D7D200A154D9 /* PickerViewSelectPopup.swift */ = {isa = PBXFileReference; fileEncoding = 4; lastKnownFileType = sourcecode.swift; path = PickerViewSelectPopup.swift; sourceTree = "<group>"; };
		3394A2772072236C00831E69 /* AboutViewController.swift */ = {isa = PBXFileReference; fileEncoding = 4; lastKnownFileType = sourcecode.swift; path = AboutViewController.swift; sourceTree = "<group>"; };
		339B43421FFBAE6C00149B09 /* BosungKhacphuc.swift */ = {isa = PBXFileReference; fileEncoding = 4; lastKnownFileType = sourcecode.swift; path = BosungKhacphuc.swift; sourceTree = "<group>"; };
		33BCFF0821451FEE004804F7 /* BBSearchTableController.swift */ = {isa = PBXFileReference; lastKnownFileType = sourcecode.swift; path = BBSearchTableController.swift; sourceTree = "<group>"; };
		33C867091FAA02AC0090D954 /* AppearanceUtil.swift */ = {isa = PBXFileReference; fileEncoding = 4; lastKnownFileType = sourcecode.swift; path = AppearanceUtil.swift; sourceTree = "<group>"; };
		33C87DFB1F604C0200D8B198 /* ConfigAttribute.swift */ = {isa = PBXFileReference; fileEncoding = 4; lastKnownFileType = sourcecode.swift; path = ConfigAttribute.swift; sourceTree = "<group>"; };
		33C87DFD1F6052B100D8B198 /* FilterPopupViewController.swift */ = {isa = PBXFileReference; fileEncoding = 4; lastKnownFileType = sourcecode.swift; path = FilterPopupViewController.swift; sourceTree = "<group>"; };
		33CB15FF1F5AF9A700AD2C45 /* VBPLDetailsSearchTableController.swift */ = {isa = PBXFileReference; fileEncoding = 4; lastKnownFileType = sourcecode.swift; path = VBPLDetailsSearchTableController.swift; sourceTree = "<group>"; };
		33CE51FB1F5E788C008AB4D4 /* VBPLTableViewCell.swift */ = {isa = PBXFileReference; fileEncoding = 4; lastKnownFileType = sourcecode.swift; path = VBPLTableViewCell.swift; sourceTree = "<group>"; };
		33D305251F51794F00547497 /* HieuLuat.app */ = {isa = PBXFileReference; explicitFileType = wrapper.application; includeInIndex = 0; path = HieuLuat.app; sourceTree = BUILT_PRODUCTS_DIR; };
		33D305281F51794F00547497 /* AppDelegate.swift */ = {isa = PBXFileReference; lastKnownFileType = sourcecode.swift; path = AppDelegate.swift; sourceTree = "<group>"; };
		33D3052A1F51794F00547497 /* ViewController.swift */ = {isa = PBXFileReference; lastKnownFileType = sourcecode.swift; path = ViewController.swift; sourceTree = "<group>"; };
		33D3052D1F51794F00547497 /* Base */ = {isa = PBXFileReference; lastKnownFileType = file.storyboard; name = Base; path = Base.lproj/Main.storyboard; sourceTree = "<group>"; };
		33D3052F1F51794F00547497 /* Assets.xcassets */ = {isa = PBXFileReference; lastKnownFileType = folder.assetcatalog; path = Assets.xcassets; sourceTree = "<group>"; };
		33D305321F51794F00547497 /* Base */ = {isa = PBXFileReference; lastKnownFileType = file.storyboard; name = Base; path = Base.lproj/LaunchScreen.storyboard; sourceTree = "<group>"; };
		33D305341F51794F00547497 /* Info.plist */ = {isa = PBXFileReference; lastKnownFileType = text.plist.xml; path = Info.plist; sourceTree = "<group>"; };
		33D305391F51794F00547497 /* HieuLuatTests.xctest */ = {isa = PBXFileReference; explicitFileType = wrapper.cfbundle; includeInIndex = 0; path = HieuLuatTests.xctest; sourceTree = BUILT_PRODUCTS_DIR; };
		33D3053D1F51794F00547497 /* HieuLuatTests.swift */ = {isa = PBXFileReference; lastKnownFileType = sourcecode.swift; path = HieuLuatTests.swift; sourceTree = "<group>"; };
		33D3053F1F51794F00547497 /* Info.plist */ = {isa = PBXFileReference; lastKnownFileType = text.plist.xml; path = Info.plist; sourceTree = "<group>"; };
		33D305441F51794F00547497 /* HieuLuatUITests.xctest */ = {isa = PBXFileReference; explicitFileType = wrapper.cfbundle; includeInIndex = 0; path = HieuLuatUITests.xctest; sourceTree = BUILT_PRODUCTS_DIR; };
		33D305481F51794F00547497 /* HieuLuatUITests.swift */ = {isa = PBXFileReference; lastKnownFileType = sourcecode.swift; path = HieuLuatUITests.swift; sourceTree = "<group>"; };
		33D3054A1F51794F00547497 /* Info.plist */ = {isa = PBXFileReference; lastKnownFileType = text.plist.xml; path = Info.plist; sourceTree = "<group>"; };
		33D3055A1F517D6F00547497 /* DataConnection.swift */ = {isa = PBXFileReference; fileEncoding = 4; lastKnownFileType = sourcecode.swift; path = DataConnection.swift; sourceTree = "<group>"; };
		33D3055C1F517F2B00547497 /* SearchFor.swift */ = {isa = PBXFileReference; fileEncoding = 4; lastKnownFileType = sourcecode.swift; path = SearchFor.swift; sourceTree = "<group>"; };
		33D3055E1F517F5800547497 /* Queries.swift */ = {isa = PBXFileReference; fileEncoding = 4; lastKnownFileType = sourcecode.swift; path = Queries.swift; sourceTree = "<group>"; };
		33D305611F517FB900547497 /* Dieukhoan.swift */ = {isa = PBXFileReference; fileEncoding = 4; lastKnownFileType = sourcecode.swift; path = Dieukhoan.swift; sourceTree = "<group>"; };
		33D305631F517FF500547497 /* Coquanbanhanh.swift */ = {isa = PBXFileReference; fileEncoding = 4; lastKnownFileType = sourcecode.swift; path = Coquanbanhanh.swift; sourceTree = "<group>"; };
		33D305651F51802700547497 /* Loaivanban.swift */ = {isa = PBXFileReference; fileEncoding = 4; lastKnownFileType = sourcecode.swift; path = Loaivanban.swift; sourceTree = "<group>"; };
		33D305671F51804F00547497 /* Vanban.swift */ = {isa = PBXFileReference; fileEncoding = 4; lastKnownFileType = sourcecode.swift; path = Vanban.swift; sourceTree = "<group>"; };
		33D31DE31F77BEF700A46E62 /* MPSearchFilterPopupController.swift */ = {isa = PBXFileReference; fileEncoding = 4; lastKnownFileType = sourcecode.swift; path = MPSearchFilterPopupController.swift; sourceTree = "<group>"; };
		33E82BD122CC6708008CFB34 /* VideoCaptureViewController.swift */ = {isa = PBXFileReference; lastKnownFileType = sourcecode.swift; path = VideoCaptureViewController.swift; sourceTree = "<group>"; };
		33EB998C215A229D0097827A /* VKDTableViewController.swift */ = {isa = PBXFileReference; lastKnownFileType = sourcecode.swift; path = VKDTableViewController.swift; sourceTree = "<group>"; };
		33F06FF8212439DD00A69431 /* Hieuluat.sqlite */ = {isa = PBXFileReference; lastKnownFileType = file; path = Hieuluat.sqlite; sourceTree = "<group>"; };
		33F87E172152509400B04A94 /* BBFilterPopupViewController.swift */ = {isa = PBXFileReference; lastKnownFileType = sourcecode.swift; path = BBFilterPopupViewController.swift; sourceTree = "<group>"; };
		33FD3B6D2329E86D00DD7087 /* NetworkHandler.swift */ = {isa = PBXFileReference; lastKnownFileType = sourcecode.swift; path = NetworkHandler.swift; sourceTree = "<group>"; };
		33FD3B6F2329FE0B00DD7087 /* DeviceInfoCollector.swift */ = {isa = PBXFileReference; lastKnownFileType = sourcecode.swift; path = DeviceInfoCollector.swift; sourceTree = "<group>"; };
		33FD3B71232A284A00DD7087 /* MessagingContainer.swift */ = {isa = PBXFileReference; lastKnownFileType = sourcecode.swift; path = MessagingContainer.swift; sourceTree = "<group>"; };
		33FD3B73232A537700DD7087 /* AppConfiguration.swift */ = {isa = PBXFileReference; lastKnownFileType = sourcecode.swift; path = AppConfiguration.swift; sourceTree = "<group>"; };
		33FD3B75232A5A5800DD7087 /* UpdatePopupViewController.swift */ = {isa = PBXFileReference; lastKnownFileType = sourcecode.swift; path = UpdatePopupViewController.swift; sourceTree = "<group>"; };
		33FD3B77232A6BBC00DD7087 /* RedirectionHelper.swift */ = {isa = PBXFileReference; lastKnownFileType = sourcecode.swift; path = RedirectionHelper.swift; sourceTree = "<group>"; };
		33FD3B79232B50B600DD7087 /* TapAndCopyLabel.swift */ = {isa = PBXFileReference; lastKnownFileType = sourcecode.swift; path = TapAndCopyLabel.swift; sourceTree = "<group>"; };
		33FD3B7B232B963300DD7087 /* WeThoong-Bridging-Header.h */ = {isa = PBXFileReference; lastKnownFileType = sourcecode.c.h; path = "WeThoong-Bridging-Header.h"; sourceTree = "<group>"; };
		72E93BC1C30A83EE28D1AC21 /* Pods-HieuLuat.debug.xcconfig */ = {isa = PBXFileReference; includeInIndex = 1; lastKnownFileType = text.xcconfig; name = "Pods-HieuLuat.debug.xcconfig"; path = "Pods/Target Support Files/Pods-HieuLuat/Pods-HieuLuat.debug.xcconfig"; sourceTree = "<group>"; };
		9017557B072E220F7AC12647 /* Pods-HieuLuat.release.xcconfig */ = {isa = PBXFileReference; includeInIndex = 1; lastKnownFileType = text.xcconfig; name = "Pods-HieuLuat.release.xcconfig"; path = "Pods/Target Support Files/Pods-HieuLuat/Pods-HieuLuat.release.xcconfig"; sourceTree = "<group>"; };
		CA2F4D9953D61DA1A8A51262 /* Pods_HieuLuat.framework */ = {isa = PBXFileReference; explicitFileType = wrapper.framework; includeInIndex = 0; path = Pods_HieuLuat.framework; sourceTree = BUILT_PRODUCTS_DIR; };
/* End PBXFileReference section */

/* Begin PBXFrameworksBuildPhase section */
		33D305221F51794F00547497 /* Frameworks */ = {
			isa = PBXFrameworksBuildPhase;
			buildActionMask = 2147483647;
			files = (
				20279DE0C4C4A62F0030B572 /* Pods_HieuLuat.framework in Frameworks */,
			);
			runOnlyForDeploymentPostprocessing = 0;
		};
		33D305361F51794F00547497 /* Frameworks */ = {
			isa = PBXFrameworksBuildPhase;
			buildActionMask = 2147483647;
			files = (
			);
			runOnlyForDeploymentPostprocessing = 0;
		};
		33D305411F51794F00547497 /* Frameworks */ = {
			isa = PBXFrameworksBuildPhase;
			buildActionMask = 2147483647;
			files = (
			);
			runOnlyForDeploymentPostprocessing = 0;
		};
/* End PBXFrameworksBuildPhase section */

/* Begin PBXGroup section */
		332C10DC235034EB00EDD3AE /* CustomComponents */ = {
			isa = PBXGroup;
			children = (
				33FD3B79232B50B600DD7087 /* TapAndCopyLabel.swift */,
				332C10DD2350353A00EDD3AE /* GifImageView.swift */,
				332C10DF235038CC00EDD3AE /* LoadingView.swift */,
				332C10E1235089F000EDD3AE /* WebImage.swift */,
				3358D637237574A800DB8463 /* AutoScaleButton.swift */,
			);
			name = CustomComponents;
			sourceTree = "<group>";
		};
		33D3051C1F51794F00547497 = {
			isa = PBXGroup;
			children = (
				33FD3B7B232B963300DD7087 /* WeThoong-Bridging-Header.h */,
				33FD3B6C2329E82F00DD7087 /* Networking */,
				33D305691F51F73500547497 /* UI */,
				33D305601F517F8600547497 /* Entities */,
				33D305591F517D5000547497 /* Utils */,
				33D305561F517B8700547497 /* Data */,
				33D305271F51794F00547497 /* HieuLuat */,
				33D3053C1F51794F00547497 /* HieuLuatTests */,
				33D305471F51794F00547497 /* HieuLuatUITests */,
				33D305261F51794F00547497 /* Products */,
				591EC7CE7A54DABE4D14BD32 /* Pods */,
				CD71561126F08633F40F836C /* Frameworks */,
			);
			sourceTree = "<group>";
		};
		33D305261F51794F00547497 /* Products */ = {
			isa = PBXGroup;
			children = (
				33D305251F51794F00547497 /* HieuLuat.app */,
				33D305391F51794F00547497 /* HieuLuatTests.xctest */,
				33D305441F51794F00547497 /* HieuLuatUITests.xctest */,
			);
			name = Products;
			sourceTree = "<group>";
		};
		33D305271F51794F00547497 /* HieuLuat */ = {
			isa = PBXGroup;
			children = (
				33D305281F51794F00547497 /* AppDelegate.swift */,
				33D3052A1F51794F00547497 /* ViewController.swift */,
				33D3052C1F51794F00547497 /* Main.storyboard */,
				33D3052F1F51794F00547497 /* Assets.xcassets */,
				33D305311F51794F00547497 /* LaunchScreen.storyboard */,
				33D305341F51794F00547497 /* Info.plist */,
			);
			path = HieuLuat;
			sourceTree = "<group>";
		};
		33D3053C1F51794F00547497 /* HieuLuatTests */ = {
			isa = PBXGroup;
			children = (
				33D3053D1F51794F00547497 /* HieuLuatTests.swift */,
				33D3053F1F51794F00547497 /* Info.plist */,
			);
			path = HieuLuatTests;
			sourceTree = "<group>";
		};
		33D305471F51794F00547497 /* HieuLuatUITests */ = {
			isa = PBXGroup;
			children = (
				33D305481F51794F00547497 /* HieuLuatUITests.swift */,
				33D3054A1F51794F00547497 /* Info.plist */,
			);
			path = HieuLuatUITests;
			sourceTree = "<group>";
		};
		33D305561F517B8700547497 /* Data */ = {
			isa = PBXGroup;
			children = (
				33F06FF8212439DD00A69431 /* Hieuluat.sqlite */,
			);
			name = Data;
			sourceTree = "<group>";
		};
		33D305591F517D5000547497 /* Utils */ = {
			isa = PBXGroup;
			children = (
				33D3055A1F517D6F00547497 /* DataConnection.swift */,
				33D3055C1F517F2B00547497 /* SearchFor.swift */,
				33D3055E1F517F5800547497 /* Queries.swift */,
				3357C5311F86547700B963E6 /* SortUtil.swift */,
				334939881FA8A74F0037305C /* AdsHelper.swift */,
				33C867091FAA02AC0090D954 /* AppearanceUtil.swift */,
				3350DB30214A8EBC008D0AE4 /* Utils.swift */,
				33FD3B77232A6BBC00DD7087 /* RedirectionHelper.swift */,
			);
			name = Utils;
			sourceTree = "<group>";
		};
		33D305601F517F8600547497 /* Entities */ = {
			isa = PBXGroup;
			children = (
				33D305611F517FB900547497 /* Dieukhoan.swift */,
				33D305631F517FF500547497 /* Coquanbanhanh.swift */,
				33D305651F51802700547497 /* Loaivanban.swift */,
				33D305671F51804F00547497 /* Vanban.swift */,
				33C87DFB1F604C0200D8B198 /* ConfigAttribute.swift */,
				334AAFB11FC1E0A300A5BE0F /* GeneralSettings.swift */,
				339B43421FFBAE6C00149B09 /* BosungKhacphuc.swift */,
				330A22132188AF6C0082A4A6 /* SearchControllers.swift */,
				33FD3B73232A537700DD7087 /* AppConfiguration.swift */,
				3322B223234B659B004584B1 /* Phantich.swift */,
			);
			name = Entities;
			sourceTree = "<group>";
		};
		33D305691F51F73500547497 /* UI */ = {
			isa = PBXGroup;
			children = (
				332C10DC235034EB00EDD3AE /* CustomComponents */,
				33CB15FF1F5AF9A700AD2C45 /* VBPLDetailsSearchTableController.swift */,
				335078E91F5B099100D52741 /* VBPLDetailsViewController.swift */,
				335078EB1F5D166A00D52741 /* VBPLSearchTableController.swift */,
				33CE51FB1F5E788C008AB4D4 /* VBPLTableViewCell.swift */,
				33C87DFD1F6052B100D8B198 /* FilterPopupViewController.swift */,
				33D31DE31F77BEF700A46E62 /* MPSearchFilterPopupController.swift */,
				336C485A1FA0D7D200A154D9 /* PickerViewSelectPopup.swift */,
				3331E6631FA3092000219B19 /* MPSearchTableController.swift */,
				3394A2772072236C00831E69 /* AboutViewController.swift */,
				33BCFF0821451FEE004804F7 /* BBSearchTableController.swift */,
				33F87E172152509400B04A94 /* BBFilterPopupViewController.swift */,
				33EB998C215A229D0097827A /* VKDTableViewController.swift */,
				33E82BD122CC6708008CFB34 /* VideoCaptureViewController.swift */,
				33FD3B75232A5A5800DD7087 /* UpdatePopupViewController.swift */,
				3322B221234B592B004584B1 /* InstructionSearchViewController.swift */,
				3322B225234D93E2004584B1 /* InstructionTableViewCell.swift */,
				3322B227234DB7CA004584B1 /* InstructionDetailsViewController.swift */,
				332C10E52356EE6800EDD3AE /* CouponInputScreenViewController.swift */,
			);
			name = UI;
			sourceTree = "<group>";
		};
		33FD3B6C2329E82F00DD7087 /* Networking */ = {
			isa = PBXGroup;
			children = (
				33FD3B6D2329E86D00DD7087 /* NetworkHandler.swift */,
				33FD3B6F2329FE0B00DD7087 /* DeviceInfoCollector.swift */,
				33FD3B71232A284A00DD7087 /* MessagingContainer.swift */,
			);
			path = Networking;
			sourceTree = "<group>";
		};
		591EC7CE7A54DABE4D14BD32 /* Pods */ = {
			isa = PBXGroup;
			children = (
				72E93BC1C30A83EE28D1AC21 /* Pods-HieuLuat.debug.xcconfig */,
				9017557B072E220F7AC12647 /* Pods-HieuLuat.release.xcconfig */,
			);
			name = Pods;
			sourceTree = "<group>";
		};
		CD71561126F08633F40F836C /* Frameworks */ = {
			isa = PBXGroup;
			children = (
				CA2F4D9953D61DA1A8A51262 /* Pods_HieuLuat.framework */,
			);
			name = Frameworks;
			sourceTree = "<group>";
		};
/* End PBXGroup section */

/* Begin PBXNativeTarget section */
		33D305241F51794F00547497 /* HieuLuat */ = {
			isa = PBXNativeTarget;
			buildConfigurationList = 33D3054D1F51794F00547497 /* Build configuration list for PBXNativeTarget "HieuLuat" */;
			buildPhases = (
				CC81A362C19F5B1802AC5F2E /* [CP] Check Pods Manifest.lock */,
				33D305211F51794F00547497 /* Sources */,
				33D305221F51794F00547497 /* Frameworks */,
				33D305231F51794F00547497 /* Resources */,
				7E01514F7D3D0D5E06B4A2AD /* [CP] Embed Pods Frameworks */,
				04908965EC3A3038BFB703CC /* [CP] Copy Pods Resources */,
			);
			buildRules = (
			);
			dependencies = (
			);
			name = HieuLuat;
			productName = HieuLuat;
			productReference = 33D305251F51794F00547497 /* HieuLuat.app */;
			productType = "com.apple.product-type.application";
		};
		33D305381F51794F00547497 /* HieuLuatTests */ = {
			isa = PBXNativeTarget;
			buildConfigurationList = 33D305501F51794F00547497 /* Build configuration list for PBXNativeTarget "HieuLuatTests" */;
			buildPhases = (
				33D305351F51794F00547497 /* Sources */,
				33D305361F51794F00547497 /* Frameworks */,
				33D305371F51794F00547497 /* Resources */,
			);
			buildRules = (
			);
			dependencies = (
				33D3053B1F51794F00547497 /* PBXTargetDependency */,
			);
			name = HieuLuatTests;
			productName = HieuLuatTests;
			productReference = 33D305391F51794F00547497 /* HieuLuatTests.xctest */;
			productType = "com.apple.product-type.bundle.unit-test";
		};
		33D305431F51794F00547497 /* HieuLuatUITests */ = {
			isa = PBXNativeTarget;
			buildConfigurationList = 33D305531F51794F00547497 /* Build configuration list for PBXNativeTarget "HieuLuatUITests" */;
			buildPhases = (
				33D305401F51794F00547497 /* Sources */,
				33D305411F51794F00547497 /* Frameworks */,
				33D305421F51794F00547497 /* Resources */,
			);
			buildRules = (
			);
			dependencies = (
				33D305461F51794F00547497 /* PBXTargetDependency */,
			);
			name = HieuLuatUITests;
			productName = HieuLuatUITests;
			productReference = 33D305441F51794F00547497 /* HieuLuatUITests.xctest */;
			productType = "com.apple.product-type.bundle.ui-testing";
		};
/* End PBXNativeTarget section */

/* Begin PBXProject section */
		33D3051D1F51794F00547497 /* Project object */ = {
			isa = PBXProject;
			attributes = {
				LastSwiftUpdateCheck = 0830;
				LastUpgradeCheck = 1010;
				ORGANIZATIONNAME = VietLH;
				TargetAttributes = {
					33D305241F51794F00547497 = {
						CreatedOnToolsVersion = 8.3.3;
						DevelopmentTeam = D95825NFBM;
						LastSwiftMigration = 1100;
						ProvisioningStyle = Automatic;
					};
					33D305381F51794F00547497 = {
						CreatedOnToolsVersion = 8.3.3;
						DevelopmentTeam = D95825NFBM;
						LastSwiftMigration = 1100;
						ProvisioningStyle = Automatic;
						TestTargetID = 33D305241F51794F00547497;
					};
					33D305431F51794F00547497 = {
						CreatedOnToolsVersion = 8.3.3;
						DevelopmentTeam = D95825NFBM;
						LastSwiftMigration = 1100;
						ProvisioningStyle = Automatic;
						TestTargetID = 33D305241F51794F00547497;
					};
				};
			};
			buildConfigurationList = 33D305201F51794F00547497 /* Build configuration list for PBXProject "HieuLuat" */;
			compatibilityVersion = "Xcode 3.2";
			developmentRegion = English;
			hasScannedForEncodings = 0;
			knownRegions = (
				English,
				en,
				Base,
			);
			mainGroup = 33D3051C1F51794F00547497;
			productRefGroup = 33D305261F51794F00547497 /* Products */;
			projectDirPath = "";
			projectRoot = "";
			targets = (
				33D305241F51794F00547497 /* HieuLuat */,
				33D305381F51794F00547497 /* HieuLuatTests */,
				33D305431F51794F00547497 /* HieuLuatUITests */,
			);
		};
/* End PBXProject section */

/* Begin PBXResourcesBuildPhase section */
		33D305231F51794F00547497 /* Resources */ = {
			isa = PBXResourcesBuildPhase;
			buildActionMask = 2147483647;
			files = (
				33F06FF9212439DD00A69431 /* Hieuluat.sqlite in Resources */,
				33D305331F51794F00547497 /* LaunchScreen.storyboard in Resources */,
				33D305301F51794F00547497 /* Assets.xcassets in Resources */,
				33D3052E1F51794F00547497 /* Main.storyboard in Resources */,
			);
			runOnlyForDeploymentPostprocessing = 0;
		};
		33D305371F51794F00547497 /* Resources */ = {
			isa = PBXResourcesBuildPhase;
			buildActionMask = 2147483647;
			files = (
			);
			runOnlyForDeploymentPostprocessing = 0;
		};
		33D305421F51794F00547497 /* Resources */ = {
			isa = PBXResourcesBuildPhase;
			buildActionMask = 2147483647;
			files = (
			);
			runOnlyForDeploymentPostprocessing = 0;
		};
/* End PBXResourcesBuildPhase section */

/* Begin PBXShellScriptBuildPhase section */
		04908965EC3A3038BFB703CC /* [CP] Copy Pods Resources */ = {
			isa = PBXShellScriptBuildPhase;
			buildActionMask = 2147483647;
			files = (
			);
			inputFileListPaths = (
			);
			inputPaths = (
				"${SRCROOT}/Pods/Target Support Files/Pods-HieuLuat/Pods-HieuLuat-resources.sh",
				"${PODS_ROOT}/TapjoySDK/TapjoySDK_iOS_v12.3.1/Libraries/Tapjoy.embeddedframework/Resources/TapjoyResources.bundle",
				"${PODS_ROOT}/TapjoySDK/TapjoySDK_iOS_v12.3.1/Libraries/Tapjoy.embeddedframework/Tapjoy.framework/Versions/A/Resources/TapjoyResources.bundle",
			);
			name = "[CP] Copy Pods Resources";
			outputFileListPaths = (
			);
			outputPaths = (
				"${TARGET_BUILD_DIR}/${UNLOCALIZED_RESOURCES_FOLDER_PATH}/TapjoyResources.bundle",
			);
			runOnlyForDeploymentPostprocessing = 0;
			shellPath = /bin/sh;
			shellScript = "\"${SRCROOT}/Pods/Target Support Files/Pods-HieuLuat/Pods-HieuLuat-resources.sh\"\n";
			showEnvVarsInLog = 0;
		};
		7E01514F7D3D0D5E06B4A2AD /* [CP] Embed Pods Frameworks */ = {
			isa = PBXShellScriptBuildPhase;
			buildActionMask = 2147483647;
			files = (
			);
			inputPaths = (
				"${SRCROOT}/Pods/Target Support Files/Pods-HieuLuat/Pods-HieuLuat-frameworks.sh",
				"${BUILT_PRODUCTS_DIR}/FMDB/FMDB.framework",
				"${BUILT_PRODUCTS_DIR}/GoogleUtilities/GoogleUtilities.framework",
				"${BUILT_PRODUCTS_DIR}/nanopb/nanopb.framework",
			);
			name = "[CP] Embed Pods Frameworks";
			outputPaths = (
				"${TARGET_BUILD_DIR}/${FRAMEWORKS_FOLDER_PATH}/FMDB.framework",
				"${TARGET_BUILD_DIR}/${FRAMEWORKS_FOLDER_PATH}/GoogleUtilities.framework",
				"${TARGET_BUILD_DIR}/${FRAMEWORKS_FOLDER_PATH}/nanopb.framework",
			);
			runOnlyForDeploymentPostprocessing = 0;
			shellPath = /bin/sh;
			shellScript = "\"${SRCROOT}/Pods/Target Support Files/Pods-HieuLuat/Pods-HieuLuat-frameworks.sh\"\n";
			showEnvVarsInLog = 0;
		};
		CC81A362C19F5B1802AC5F2E /* [CP] Check Pods Manifest.lock */ = {
			isa = PBXShellScriptBuildPhase;
			buildActionMask = 2147483647;
			files = (
			);
			inputPaths = (
				"${PODS_PODFILE_DIR_PATH}/Podfile.lock",
				"${PODS_ROOT}/Manifest.lock",
			);
			name = "[CP] Check Pods Manifest.lock";
			outputPaths = (
				"$(DERIVED_FILE_DIR)/Pods-HieuLuat-checkManifestLockResult.txt",
			);
			runOnlyForDeploymentPostprocessing = 0;
			shellPath = /bin/sh;
			shellScript = "diff \"${PODS_PODFILE_DIR_PATH}/Podfile.lock\" \"${PODS_ROOT}/Manifest.lock\" > /dev/null\nif [ $? != 0 ] ; then\n    # print error to STDERR\n    echo \"error: The sandbox is not in sync with the Podfile.lock. Run 'pod install' or update your CocoaPods installation.\" >&2\n    exit 1\nfi\n# This output is used by Xcode 'outputs' to avoid re-running this script phase.\necho \"SUCCESS\" > \"${SCRIPT_OUTPUT_FILE_0}\"\n";
			showEnvVarsInLog = 0;
		};
/* End PBXShellScriptBuildPhase section */

/* Begin PBXSourcesBuildPhase section */
		33D305211F51794F00547497 /* Sources */ = {
			isa = PBXSourcesBuildPhase;
			buildActionMask = 2147483647;
			files = (
				33D3055F1F517F5800547497 /* Queries.swift in Sources */,
				339B43431FFBAE6C00149B09 /* BosungKhacphuc.swift in Sources */,
				33FD3B7A232B50B700DD7087 /* TapAndCopyLabel.swift in Sources */,
				3350DB31214A8EBC008D0AE4 /* Utils.swift in Sources */,
				335078EC1F5D166A00D52741 /* VBPLSearchTableController.swift in Sources */,
				33D305641F517FF500547497 /* Coquanbanhanh.swift in Sources */,
				3322B226234D93E2004584B1 /* InstructionTableViewCell.swift in Sources */,
				33BCFF0921451FEE004804F7 /* BBSearchTableController.swift in Sources */,
				33FD3B76232A5A5800DD7087 /* UpdatePopupViewController.swift in Sources */,
				33FD3B6E2329E86D00DD7087 /* NetworkHandler.swift in Sources */,
				33D31DE41F77BEF700A46E62 /* MPSearchFilterPopupController.swift in Sources */,
				33D305681F51804F00547497 /* Vanban.swift in Sources */,
				33D3052B1F51794F00547497 /* ViewController.swift in Sources */,
				334939891FA8A74F0037305C /* AdsHelper.swift in Sources */,
				33C87DFE1F6052B100D8B198 /* FilterPopupViewController.swift in Sources */,
				332C10E62356EE6800EDD3AE /* CouponInputScreenViewController.swift in Sources */,
				33D305291F51794F00547497 /* AppDelegate.swift in Sources */,
				33FD3B72232A284A00DD7087 /* MessagingContainer.swift in Sources */,
				33CB16001F5AF9A700AD2C45 /* VBPLDetailsSearchTableController.swift in Sources */,
				33CE51FC1F5E788C008AB4D4 /* VBPLTableViewCell.swift in Sources */,
				332C10E0235038CC00EDD3AE /* LoadingView.swift in Sources */,
				334AAFB21FC1E0A300A5BE0F /* GeneralSettings.swift in Sources */,
				33FD3B78232A6BBC00DD7087 /* RedirectionHelper.swift in Sources */,
				3357C5321F86547700B963E6 /* SortUtil.swift in Sources */,
				33C8670A1FAA02AC0090D954 /* AppearanceUtil.swift in Sources */,
				33D3055B1F517D6F00547497 /* DataConnection.swift in Sources */,
				33FD3B74232A537700DD7087 /* AppConfiguration.swift in Sources */,
				332C10E2235089F000EDD3AE /* WebImage.swift in Sources */,
				33D305621F517FB900547497 /* Dieukhoan.swift in Sources */,
				33EB998D215A229D0097827A /* VKDTableViewController.swift in Sources */,
				33E82BD222CC6708008CFB34 /* VideoCaptureViewController.swift in Sources */,
				3394A2782072236C00831E69 /* AboutViewController.swift in Sources */,
				3322B224234B659B004584B1 /* Phantich.swift in Sources */,
				33FD3B702329FE0B00DD7087 /* DeviceInfoCollector.swift in Sources */,
				336C485B1FA0D7D200A154D9 /* PickerViewSelectPopup.swift in Sources */,
				335078EA1F5B099100D52741 /* VBPLDetailsViewController.swift in Sources */,
				3322B228234DB7CA004584B1 /* InstructionDetailsViewController.swift in Sources */,
				33D305661F51802700547497 /* Loaivanban.swift in Sources */,
				330A22142188AF6C0082A4A6 /* SearchControllers.swift in Sources */,
				33D3055D1F517F2B00547497 /* SearchFor.swift in Sources */,
				33C87DFC1F604C0200D8B198 /* ConfigAttribute.swift in Sources */,
				3358D638237574A800DB8463 /* AutoScaleButton.swift in Sources */,
				3322B222234B592B004584B1 /* InstructionSearchViewController.swift in Sources */,
				332C10DE2350353A00EDD3AE /* GifImageView.swift in Sources */,
				3331E6641FA3092000219B19 /* MPSearchTableController.swift in Sources */,
				33F87E182152509400B04A94 /* BBFilterPopupViewController.swift in Sources */,
			);
			runOnlyForDeploymentPostprocessing = 0;
		};
		33D305351F51794F00547497 /* Sources */ = {
			isa = PBXSourcesBuildPhase;
			buildActionMask = 2147483647;
			files = (
				33D3053E1F51794F00547497 /* HieuLuatTests.swift in Sources */,
			);
			runOnlyForDeploymentPostprocessing = 0;
		};
		33D305401F51794F00547497 /* Sources */ = {
			isa = PBXSourcesBuildPhase;
			buildActionMask = 2147483647;
			files = (
				33D305491F51794F00547497 /* HieuLuatUITests.swift in Sources */,
			);
			runOnlyForDeploymentPostprocessing = 0;
		};
/* End PBXSourcesBuildPhase section */

/* Begin PBXTargetDependency section */
		33D3053B1F51794F00547497 /* PBXTargetDependency */ = {
			isa = PBXTargetDependency;
			target = 33D305241F51794F00547497 /* HieuLuat */;
			targetProxy = 33D3053A1F51794F00547497 /* PBXContainerItemProxy */;
		};
		33D305461F51794F00547497 /* PBXTargetDependency */ = {
			isa = PBXTargetDependency;
			target = 33D305241F51794F00547497 /* HieuLuat */;
			targetProxy = 33D305451F51794F00547497 /* PBXContainerItemProxy */;
		};
/* End PBXTargetDependency section */

/* Begin PBXVariantGroup section */
		33D3052C1F51794F00547497 /* Main.storyboard */ = {
			isa = PBXVariantGroup;
			children = (
				33D3052D1F51794F00547497 /* Base */,
			);
			name = Main.storyboard;
			sourceTree = "<group>";
		};
		33D305311F51794F00547497 /* LaunchScreen.storyboard */ = {
			isa = PBXVariantGroup;
			children = (
				33D305321F51794F00547497 /* Base */,
			);
			name = LaunchScreen.storyboard;
			sourceTree = "<group>";
		};
/* End PBXVariantGroup section */

/* Begin XCBuildConfiguration section */
		33D3054B1F51794F00547497 /* Debug */ = {
			isa = XCBuildConfiguration;
			buildSettings = {
				ALWAYS_SEARCH_USER_PATHS = NO;
				CLANG_ANALYZER_NONNULL = YES;
				CLANG_ANALYZER_NUMBER_OBJECT_CONVERSION = YES_AGGRESSIVE;
				CLANG_CXX_LANGUAGE_STANDARD = "gnu++0x";
				CLANG_CXX_LIBRARY = "libc++";
				CLANG_ENABLE_MODULES = YES;
				CLANG_ENABLE_OBJC_ARC = YES;
				CLANG_WARN_BLOCK_CAPTURE_AUTORELEASING = YES;
				CLANG_WARN_BOOL_CONVERSION = YES;
				CLANG_WARN_COMMA = YES;
				CLANG_WARN_CONSTANT_CONVERSION = YES;
				CLANG_WARN_DEPRECATED_OBJC_IMPLEMENTATIONS = YES;
				CLANG_WARN_DIRECT_OBJC_ISA_USAGE = YES_ERROR;
				CLANG_WARN_DOCUMENTATION_COMMENTS = YES;
				CLANG_WARN_EMPTY_BODY = YES;
				CLANG_WARN_ENUM_CONVERSION = YES;
				CLANG_WARN_INFINITE_RECURSION = YES;
				CLANG_WARN_INT_CONVERSION = YES;
				CLANG_WARN_NON_LITERAL_NULL_CONVERSION = YES;
				CLANG_WARN_OBJC_IMPLICIT_RETAIN_SELF = YES;
				CLANG_WARN_OBJC_LITERAL_CONVERSION = YES;
				CLANG_WARN_OBJC_ROOT_CLASS = YES_ERROR;
				CLANG_WARN_RANGE_LOOP_ANALYSIS = YES;
				CLANG_WARN_STRICT_PROTOTYPES = YES;
				CLANG_WARN_SUSPICIOUS_MOVE = YES;
				CLANG_WARN_UNREACHABLE_CODE = YES;
				CLANG_WARN__DUPLICATE_METHOD_MATCH = YES;
				"CODE_SIGN_IDENTITY[sdk=iphoneos*]" = "iPhone Developer";
				COPY_PHASE_STRIP = NO;
				DEBUG_INFORMATION_FORMAT = dwarf;
				EMBED_ASSET_PACKS_IN_PRODUCT_BUNDLE = YES;
				ENABLE_STRICT_OBJC_MSGSEND = YES;
				ENABLE_TESTABILITY = YES;
				GCC_C_LANGUAGE_STANDARD = gnu99;
				GCC_DYNAMIC_NO_PIC = NO;
				GCC_NO_COMMON_BLOCKS = YES;
				GCC_OPTIMIZATION_LEVEL = 0;
				GCC_PREPROCESSOR_DEFINITIONS = (
					"DEBUG=1",
					"$(inherited)",
				);
				GCC_WARN_64_TO_32_BIT_CONVERSION = YES;
				GCC_WARN_ABOUT_RETURN_TYPE = YES_ERROR;
				GCC_WARN_UNDECLARED_SELECTOR = YES;
				GCC_WARN_UNINITIALIZED_AUTOS = YES_AGGRESSIVE;
				GCC_WARN_UNUSED_FUNCTION = YES;
				GCC_WARN_UNUSED_VARIABLE = YES;
				IPHONEOS_DEPLOYMENT_TARGET = 9.0;
				MTL_ENABLE_DEBUG_INFO = YES;
				ONLY_ACTIVE_ARCH = YES;
				SDKROOT = iphoneos;
				SWIFT_ACTIVE_COMPILATION_CONDITIONS = DEBUG;
				SWIFT_OPTIMIZATION_LEVEL = "-Onone";
				TARGETED_DEVICE_FAMILY = "1,2";
			};
			name = Debug;
		};
		33D3054C1F51794F00547497 /* Release */ = {
			isa = XCBuildConfiguration;
			buildSettings = {
				ALWAYS_SEARCH_USER_PATHS = NO;
				CLANG_ANALYZER_NONNULL = YES;
				CLANG_ANALYZER_NUMBER_OBJECT_CONVERSION = YES_AGGRESSIVE;
				CLANG_CXX_LANGUAGE_STANDARD = "gnu++0x";
				CLANG_CXX_LIBRARY = "libc++";
				CLANG_ENABLE_MODULES = YES;
				CLANG_ENABLE_OBJC_ARC = YES;
				CLANG_WARN_BLOCK_CAPTURE_AUTORELEASING = YES;
				CLANG_WARN_BOOL_CONVERSION = YES;
				CLANG_WARN_COMMA = YES;
				CLANG_WARN_CONSTANT_CONVERSION = YES;
				CLANG_WARN_DEPRECATED_OBJC_IMPLEMENTATIONS = YES;
				CLANG_WARN_DIRECT_OBJC_ISA_USAGE = YES_ERROR;
				CLANG_WARN_DOCUMENTATION_COMMENTS = YES;
				CLANG_WARN_EMPTY_BODY = YES;
				CLANG_WARN_ENUM_CONVERSION = YES;
				CLANG_WARN_INFINITE_RECURSION = YES;
				CLANG_WARN_INT_CONVERSION = YES;
				CLANG_WARN_NON_LITERAL_NULL_CONVERSION = YES;
				CLANG_WARN_OBJC_IMPLICIT_RETAIN_SELF = YES;
				CLANG_WARN_OBJC_LITERAL_CONVERSION = YES;
				CLANG_WARN_OBJC_ROOT_CLASS = YES_ERROR;
				CLANG_WARN_RANGE_LOOP_ANALYSIS = YES;
				CLANG_WARN_STRICT_PROTOTYPES = YES;
				CLANG_WARN_SUSPICIOUS_MOVE = YES;
				CLANG_WARN_UNREACHABLE_CODE = YES;
				CLANG_WARN__DUPLICATE_METHOD_MATCH = YES;
				"CODE_SIGN_IDENTITY[sdk=iphoneos*]" = "iPhone Developer";
				COPY_PHASE_STRIP = NO;
				DEBUG_INFORMATION_FORMAT = "dwarf-with-dsym";
				EMBED_ASSET_PACKS_IN_PRODUCT_BUNDLE = YES;
				ENABLE_NS_ASSERTIONS = NO;
				ENABLE_STRICT_OBJC_MSGSEND = YES;
				GCC_C_LANGUAGE_STANDARD = gnu99;
				GCC_NO_COMMON_BLOCKS = YES;
				GCC_WARN_64_TO_32_BIT_CONVERSION = YES;
				GCC_WARN_ABOUT_RETURN_TYPE = YES_ERROR;
				GCC_WARN_UNDECLARED_SELECTOR = YES;
				GCC_WARN_UNINITIALIZED_AUTOS = YES_AGGRESSIVE;
				GCC_WARN_UNUSED_FUNCTION = YES;
				GCC_WARN_UNUSED_VARIABLE = YES;
				IPHONEOS_DEPLOYMENT_TARGET = 9.0;
				MTL_ENABLE_DEBUG_INFO = NO;
				SDKROOT = iphoneos;
				SWIFT_OPTIMIZATION_LEVEL = "-Owholemodule";
				TARGETED_DEVICE_FAMILY = "1,2";
				VALIDATE_PRODUCT = YES;
			};
			name = Release;
		};
		33D3054E1F51794F00547497 /* Debug */ = {
			isa = XCBuildConfiguration;
			baseConfigurationReference = 72E93BC1C30A83EE28D1AC21 /* Pods-HieuLuat.debug.xcconfig */;
			buildSettings = {
				ASSETCATALOG_COMPILER_APPICON_NAME = AppIcon;
				CODE_SIGN_IDENTITY = "Apple Development";
				"CODE_SIGN_IDENTITY[sdk=iphoneos*]" = "iPhone Developer";
				CODE_SIGN_STYLE = Automatic;
				DEVELOPMENT_TEAM = "";
				INFOPLIST_FILE = HieuLuat/Info.plist;
				IPHONEOS_DEPLOYMENT_TARGET = 9.0;
				LD_RUNPATH_SEARCH_PATHS = "$(inherited) @executable_path/Frameworks";
				PRODUCT_BUNDLE_IDENTIFIER = com.vietlh.WeThoong;
				PRODUCT_NAME = "$(TARGET_NAME)";
				PROVISIONING_PROFILE = "";
				PROVISIONING_PROFILE_SPECIFIER = "";
				SWIFT_OBJC_BRIDGING_HEADER = "WeThoong-Bridging-Header.h";
				SWIFT_SWIFT3_OBJC_INFERENCE = On;
				SWIFT_VERSION = 5.0;
			};
			name = Debug;
		};
		33D3054F1F51794F00547497 /* Release */ = {
			isa = XCBuildConfiguration;
			baseConfigurationReference = 9017557B072E220F7AC12647 /* Pods-HieuLuat.release.xcconfig */;
			buildSettings = {
				ASSETCATALOG_COMPILER_APPICON_NAME = AppIcon;
				CODE_SIGN_IDENTITY = "iPhone Developer";
				"CODE_SIGN_IDENTITY[sdk=iphoneos*]" = "iPhone Distribution";
				CODE_SIGN_STYLE = Manual;
				DEVELOPMENT_TEAM = D95825NFBM;
				INFOPLIST_FILE = HieuLuat/Info.plist;
				IPHONEOS_DEPLOYMENT_TARGET = 9.0;
				LD_RUNPATH_SEARCH_PATHS = "$(inherited) @executable_path/Frameworks";
				PRODUCT_BUNDLE_IDENTIFIER = com.vietlh.WeThoong;
				PRODUCT_NAME = "$(TARGET_NAME)";
				PROVISIONING_PROFILE = "";
				PROVISIONING_PROFILE_SPECIFIER = WeThoongDistributionProfile;
				SWIFT_OBJC_BRIDGING_HEADER = "WeThoong-Bridging-Header.h";
				SWIFT_SWIFT3_OBJC_INFERENCE = On;
				SWIFT_VERSION = 5.0;
			};
			name = Release;
		};
		33D305511F51794F00547497 /* Debug */ = {
			isa = XCBuildConfiguration;
			buildSettings = {
				ALWAYS_EMBED_SWIFT_STANDARD_LIBRARIES = YES;
				BUNDLE_LOADER = "$(TEST_HOST)";
				DEVELOPMENT_TEAM = D95825NFBM;
				INFOPLIST_FILE = HieuLuatTests/Info.plist;
				LD_RUNPATH_SEARCH_PATHS = "$(inherited) @executable_path/Frameworks @loader_path/Frameworks";
				PRODUCT_BUNDLE_IDENTIFIER = com.vietlh.HieuLuatTests;
				PRODUCT_NAME = "$(TARGET_NAME)";
				SWIFT_SWIFT3_OBJC_INFERENCE = On;
				SWIFT_VERSION = 5.0;
				TEST_HOST = "$(BUILT_PRODUCTS_DIR)/HieuLuat.app/HieuLuat";
			};
			name = Debug;
		};
		33D305521F51794F00547497 /* Release */ = {
			isa = XCBuildConfiguration;
			buildSettings = {
				ALWAYS_EMBED_SWIFT_STANDARD_LIBRARIES = YES;
				BUNDLE_LOADER = "$(TEST_HOST)";
				DEVELOPMENT_TEAM = D95825NFBM;
				INFOPLIST_FILE = HieuLuatTests/Info.plist;
				LD_RUNPATH_SEARCH_PATHS = "$(inherited) @executable_path/Frameworks @loader_path/Frameworks";
				PRODUCT_BUNDLE_IDENTIFIER = com.vietlh.HieuLuatTests;
				PRODUCT_NAME = "$(TARGET_NAME)";
				SWIFT_SWIFT3_OBJC_INFERENCE = On;
				SWIFT_VERSION = 5.0;
				TEST_HOST = "$(BUILT_PRODUCTS_DIR)/HieuLuat.app/HieuLuat";
			};
			name = Release;
		};
		33D305541F51794F00547497 /* Debug */ = {
			isa = XCBuildConfiguration;
			buildSettings = {
				ALWAYS_EMBED_SWIFT_STANDARD_LIBRARIES = YES;
				DEVELOPMENT_TEAM = D95825NFBM;
				INFOPLIST_FILE = HieuLuatUITests/Info.plist;
				LD_RUNPATH_SEARCH_PATHS = "$(inherited) @executable_path/Frameworks @loader_path/Frameworks";
				PRODUCT_BUNDLE_IDENTIFIER = com.vietlh.HieuLuatUITests;
				PRODUCT_NAME = "$(TARGET_NAME)";
				SWIFT_SWIFT3_OBJC_INFERENCE = On;
				SWIFT_VERSION = 5.0;
				TEST_TARGET_NAME = HieuLuat;
			};
			name = Debug;
		};
		33D305551F51794F00547497 /* Release */ = {
			isa = XCBuildConfiguration;
			buildSettings = {
				ALWAYS_EMBED_SWIFT_STANDARD_LIBRARIES = YES;
				DEVELOPMENT_TEAM = D95825NFBM;
				INFOPLIST_FILE = HieuLuatUITests/Info.plist;
				LD_RUNPATH_SEARCH_PATHS = "$(inherited) @executable_path/Frameworks @loader_path/Frameworks";
				PRODUCT_BUNDLE_IDENTIFIER = com.vietlh.HieuLuatUITests;
				PRODUCT_NAME = "$(TARGET_NAME)";
				SWIFT_SWIFT3_OBJC_INFERENCE = On;
				SWIFT_VERSION = 5.0;
				TEST_TARGET_NAME = HieuLuat;
			};
			name = Release;
		};
/* End XCBuildConfiguration section */

/* Begin XCConfigurationList section */
		33D305201F51794F00547497 /* Build configuration list for PBXProject "HieuLuat" */ = {
			isa = XCConfigurationList;
			buildConfigurations = (
				33D3054B1F51794F00547497 /* Debug */,
				33D3054C1F51794F00547497 /* Release */,
			);
			defaultConfigurationIsVisible = 0;
			defaultConfigurationName = Release;
		};
		33D3054D1F51794F00547497 /* Build configuration list for PBXNativeTarget "HieuLuat" */ = {
			isa = XCConfigurationList;
			buildConfigurations = (
				33D3054E1F51794F00547497 /* Debug */,
				33D3054F1F51794F00547497 /* Release */,
			);
			defaultConfigurationIsVisible = 0;
			defaultConfigurationName = Release;
		};
		33D305501F51794F00547497 /* Build configuration list for PBXNativeTarget "HieuLuatTests" */ = {
			isa = XCConfigurationList;
			buildConfigurations = (
				33D305511F51794F00547497 /* Debug */,
				33D305521F51794F00547497 /* Release */,
			);
			defaultConfigurationIsVisible = 0;
			defaultConfigurationName = Release;
		};
		33D305531F51794F00547497 /* Build configuration list for PBXNativeTarget "HieuLuatUITests" */ = {
			isa = XCConfigurationList;
			buildConfigurations = (
				33D305541F51794F00547497 /* Debug */,
				33D305551F51794F00547497 /* Release */,
			);
			defaultConfigurationIsVisible = 0;
			defaultConfigurationName = Release;
		};
/* End XCConfigurationList section */
	};
	rootObject = 33D3051D1F51794F00547497 /* Project object */;
}
